
Microsoft Visual Studio Solution File, Format Version 12.00
# Visual Studio Version 16
VisualStudioVersion = 16.0.31129.286
MinimumVisualStudioVersion = 10.0.40219.1
Project("{9A19103F-16F7-4668-BE54-9A1E7A4F7556}") = "Northwind.Web", "src\Northwind.Web\Northwind.Web.csproj", "{F86837EA-04E5-4BB8-A155-9DE324397ADD}"
EndProject
Project("{9A19103F-16F7-4668-BE54-9A1E7A4F7556}") = "Northwind.Web.UnitTests", "test\Northwind.Web.UnitTests\Northwind.Web.UnitTests.csproj", "{443AA533-6E7F-4D91-A668-CE694C571D4D}"
EndProject
Project("{2150E333-8FDC-42A3-9474-1A3956D46DE8}") = "src", "src", "{F8BD8A72-EB63-4623-ADDF-26283F096539}"
EndProject
Project("{2150E333-8FDC-42A3-9474-1A3956D46DE8}") = "test", "test", "{1CDDBE4D-A55D-4E6A-A3EA-378FC8B1C2B0}"
EndProject
Project("{9A19103F-16F7-4668-BE54-9A1E7A4F7556}") = "Northwind.Infrastructure", "src\Northwind.Infrastructure\Northwind.Infrastructure.csproj", "{CD1CA6EC-CFC0-41B9-ACE9-7CB580380AA1}"
EndProject
Project("{2150E333-8FDC-42A3-9474-1A3956D46DE8}") = "Northwind.Clients", "Northwind.Clients", "{A968C542-C789-4674-826E-C4B50700A702}"
EndProject
Project("{9A19103F-16F7-4668-BE54-9A1E7A4F7556}") = "Northwind.ConsoleClient", "src\Northwind.Clients\Northwind.ConsoleClient\Northwind.ConsoleClient.csproj", "{9A7B0B2F-9109-45E6-9646-0F783959C5CF}"
EndProject
Project("{2150E333-8FDC-42A3-9474-1A3956D46DE8}") = "Northwind.JSClient", "Northwind.JSClient", "{21F20BD2-FD29-412F-B90C-555847AF3078}"
	ProjectSection(SolutionItems) = preProject
		src\Northwind.Clients\Northwind.JSClient\index.html = src\Northwind.Clients\Northwind.JSClient\index.html
	EndProjectSection
EndProject
Project("{2150E333-8FDC-42A3-9474-1A3956D46DE8}") = "js", "js", "{954329E8-2CE5-498D-9012-B103B7CB5090}"
	ProjectSection(SolutionItems) = preProject
		src\Northwind.Clients\Northwind.JSClient\js\scripts.js = src\Northwind.Clients\Northwind.JSClient\js\scripts.js
	EndProjectSection
EndProject
Project("{2150E333-8FDC-42A3-9474-1A3956D46DE8}") = "lib", "lib", "{50DC81CC-B8AD-49F4-861D-0F15500F7107}"
	ProjectSection(SolutionItems) = preProject
		src\Northwind.Clients\Northwind.JSClient\lib\jquery-2.0.3.min.js = src\Northwind.Clients\Northwind.JSClient\lib\jquery-2.0.3.min.js
	EndProjectSection
EndProject
Project("{FAE04EC0-301F-11D3-BF4B-00C04F79EFBC}") = "IO.Swagger.Test", "test\IO.Swagger.Test\IO.Swagger.Test.csproj", "{19F1DEBC-DE5E-4517-8062-F000CD499087}"
EndProject
Project("{FAE04EC0-301F-11D3-BF4B-00C04F79EFBC}") = "IO.Swagger", "src\Northwind.Clients\IO.Swagger\IO.Swagger.csproj", "{630ED3BF-0B52-4102-A652-34E51F71B3A3}"
EndProject
Project("{9A19103F-16F7-4668-BE54-9A1E7A4F7556}") = "Northwind.Domain", "src\Northwind.Domain\Northwind.Domain.csproj", "{39ECC88C-97E9-4F17-8154-C588A3E620EB}"
EndProject
Project("{9A19103F-16F7-4668-BE54-9A1E7A4F7556}") = "Northwind.Application", "src\Northwind.Application\Northwind.Application.csproj", "{B62DC086-F395-41AA-8FAE-B9F34E77A809}"
EndProject
Global
	GlobalSection(SolutionConfigurationPlatforms) = preSolution
		Debug|Any CPU = Debug|Any CPU
		Release|Any CPU = Release|Any CPU
	EndGlobalSection
	GlobalSection(ProjectConfigurationPlatforms) = postSolution
		{F86837EA-04E5-4BB8-A155-9DE324397ADD}.Debug|Any CPU.ActiveCfg = Debug|Any CPU
		{F86837EA-04E5-4BB8-A155-9DE324397ADD}.Debug|Any CPU.Build.0 = Debug|Any CPU
		{F86837EA-04E5-4BB8-A155-9DE324397ADD}.Release|Any CPU.ActiveCfg = Release|Any CPU
		{F86837EA-04E5-4BB8-A155-9DE324397ADD}.Release|Any CPU.Build.0 = Release|Any CPU
		{443AA533-6E7F-4D91-A668-CE694C571D4D}.Debug|Any CPU.ActiveCfg = Debug|Any CPU
		{443AA533-6E7F-4D91-A668-CE694C571D4D}.Debug|Any CPU.Build.0 = Debug|Any CPU
		{443AA533-6E7F-4D91-A668-CE694C571D4D}.Release|Any CPU.ActiveCfg = Release|Any CPU
		{443AA533-6E7F-4D91-A668-CE694C571D4D}.Release|Any CPU.Build.0 = Release|Any CPU
		{CD1CA6EC-CFC0-41B9-ACE9-7CB580380AA1}.Debug|Any CPU.ActiveCfg = Debug|Any CPU
		{CD1CA6EC-CFC0-41B9-ACE9-7CB580380AA1}.Debug|Any CPU.Build.0 = Debug|Any CPU
		{CD1CA6EC-CFC0-41B9-ACE9-7CB580380AA1}.Release|Any CPU.ActiveCfg = Release|Any CPU
		{CD1CA6EC-CFC0-41B9-ACE9-7CB580380AA1}.Release|Any CPU.Build.0 = Release|Any CPU
		{9A7B0B2F-9109-45E6-9646-0F783959C5CF}.Debug|Any CPU.ActiveCfg = Debug|Any CPU
		{9A7B0B2F-9109-45E6-9646-0F783959C5CF}.Debug|Any CPU.Build.0 = Debug|Any CPU
		{9A7B0B2F-9109-45E6-9646-0F783959C5CF}.Release|Any CPU.ActiveCfg = Release|Any CPU
		{9A7B0B2F-9109-45E6-9646-0F783959C5CF}.Release|Any CPU.Build.0 = Release|Any CPU
		{19F1DEBC-DE5E-4517-8062-F000CD499087}.Debug|Any CPU.ActiveCfg = Debug|Any CPU
		{19F1DEBC-DE5E-4517-8062-F000CD499087}.Debug|Any CPU.Build.0 = Debug|Any CPU
		{19F1DEBC-DE5E-4517-8062-F000CD499087}.Release|Any CPU.ActiveCfg = Release|Any CPU
		{19F1DEBC-DE5E-4517-8062-F000CD499087}.Release|Any CPU.Build.0 = Release|Any CPU
		{630ED3BF-0B52-4102-A652-34E51F71B3A3}.Debug|Any CPU.ActiveCfg = Debug|Any CPU
		{630ED3BF-0B52-4102-A652-34E51F71B3A3}.Debug|Any CPU.Build.0 = Debug|Any CPU
		{630ED3BF-0B52-4102-A652-34E51F71B3A3}.Release|Any CPU.ActiveCfg = Release|Any CPU
		{630ED3BF-0B52-4102-A652-34E51F71B3A3}.Release|Any CPU.Build.0 = Release|Any CPU
		{39ECC88C-97E9-4F17-8154-C588A3E620EB}.Debug|Any CPU.ActiveCfg = Debug|Any CPU
		{39ECC88C-97E9-4F17-8154-C588A3E620EB}.Debug|Any CPU.Build.0 = Debug|Any CPU
		{39ECC88C-97E9-4F17-8154-C588A3E620EB}.Release|Any CPU.ActiveCfg = Release|Any CPU
		{39ECC88C-97E9-4F17-8154-C588A3E620EB}.Release|Any CPU.Build.0 = Release|Any CPU
		{B62DC086-F395-41AA-8FAE-B9F34E77A809}.Debug|Any CPU.ActiveCfg = Debug|Any CPU
		{B62DC086-F395-41AA-8FAE-B9F34E77A809}.Debug|Any CPU.Build.0 = Debug|Any CPU
		{B62DC086-F395-41AA-8FAE-B9F34E77A809}.Release|Any CPU.ActiveCfg = Release|Any CPU
		{B62DC086-F395-41AA-8FAE-B9F34E77A809}.Release|Any CPU.Build.0 = Release|Any CPU
	EndGlobalSection
	GlobalSection(SolutionProperties) = preSolution
		HideSolutionNode = FALSE
	EndGlobalSection
	GlobalSection(NestedProjects) = preSolution
		{F86837EA-04E5-4BB8-A155-9DE324397ADD} = {F8BD8A72-EB63-4623-ADDF-26283F096539}
		{443AA533-6E7F-4D91-A668-CE694C571D4D} = {1CDDBE4D-A55D-4E6A-A3EA-378FC8B1C2B0}
		{CD1CA6EC-CFC0-41B9-ACE9-7CB580380AA1} = {F8BD8A72-EB63-4623-ADDF-26283F096539}
		{A968C542-C789-4674-826E-C4B50700A702} = {F8BD8A72-EB63-4623-ADDF-26283F096539}
		{9A7B0B2F-9109-45E6-9646-0F783959C5CF} = {A968C542-C789-4674-826E-C4B50700A702}
		{21F20BD2-FD29-412F-B90C-555847AF3078} = {A968C542-C789-4674-826E-C4B50700A702}
		{954329E8-2CE5-498D-9012-B103B7CB5090} = {21F20BD2-FD29-412F-B90C-555847AF3078}
		{50DC81CC-B8AD-49F4-861D-0F15500F7107} = {21F20BD2-FD29-412F-B90C-555847AF3078}
		{19F1DEBC-DE5E-4517-8062-F000CD499087} = {1CDDBE4D-A55D-4E6A-A3EA-378FC8B1C2B0}
		{630ED3BF-0B52-4102-A652-34E51F71B3A3} = {A968C542-C789-4674-826E-C4B50700A702}
		{39ECC88C-97E9-4F17-8154-C588A3E620EB} = {F8BD8A72-EB63-4623-ADDF-26283F096539}
		{B62DC086-F395-41AA-8FAE-B9F34E77A809} = {F8BD8A72-EB63-4623-ADDF-26283F096539}
	EndGlobalSection
	GlobalSection(ExtensibilityGlobals) = postSolution
		SolutionGuid = {71A0C92C-7408-4909-81CA-2EACE2D13875}
	EndGlobalSection
EndGlobal
