
Microsoft Visual Studio Solution File, Format Version 12.00
# Visual Studio Version 16
VisualStudioVersion = 16.0.31129.286
MinimumVisualStudioVersion = 10.0.40219.1
Project("{9A19103F-16F7-4668-BE54-9A1E7A4F7556}") = "Northwind", "src\Northwind\Northwind.csproj", "{F86837EA-04E5-4BB8-A155-9DE324397ADD}"
EndProject
Project("{FAE04EC0-301F-11D3-BF4B-00C04F79EFBC}") = "Northwind.Tests", "tests\Northwind.Tests\Northwind.Tests.csproj", "{443AA533-6E7F-4D91-A668-CE694C571D4D}"
EndProject
Global
	GlobalSection(SolutionConfigurationPlatforms) = preSolution
		Debug|Any CPU = Debug|Any CPU
		Release|Any CPU = Release|Any CPU
	EndGlobalSection
	GlobalSection(ProjectConfigurationPlatforms) = postSolution
		{F86837EA-04E5-4BB8-A155-9DE324397ADD}.Debug|Any CPU.ActiveCfg = Debug|Any CPU
		{F86837EA-04E5-4BB8-A155-9DE324397ADD}.Debug|Any CPU.Build.0 = Debug|Any CPU
		{F86837EA-04E5-4BB8-A155-9DE324397ADD}.Release|Any CPU.ActiveCfg = Release|Any CPU
		{F86837EA-04E5-4BB8-A155-9DE324397ADD}.Release|Any CPU.Build.0 = Release|Any CPU
		{443AA533-6E7F-4D91-A668-CE694C571D4D}.Debug|Any CPU.ActiveCfg = Debug|Any CPU
		{443AA533-6E7F-4D91-A668-CE694C571D4D}.Debug|Any CPU.Build.0 = Debug|Any CPU
		{443AA533-6E7F-4D91-A668-CE694C571D4D}.Release|Any CPU.ActiveCfg = Release|Any CPU
		{443AA533-6E7F-4D91-A668-CE694C571D4D}.Release|Any CPU.Build.0 = Release|Any CPU
	EndGlobalSection
	GlobalSection(SolutionProperties) = preSolution
		HideSolutionNode = FALSE
	EndGlobalSection
	GlobalSection(ExtensibilityGlobals) = postSolution
		SolutionGuid = {71A0C92C-7408-4909-81CA-2EACE2D13875}
	EndGlobalSection
EndGlobal
